// !$*UTF8*$!
{
	archiveVersion = 1;
	classes = {
	};
	objectVersion = 48;
	objects = {

/* Begin PBXBuildFile section */
		F0EAEAF220480E7E008839EA /* AppDelegate.swift in Sources */ = {isa = PBXBuildFile; fileRef = F0EAEAF120480E7E008839EA /* AppDelegate.swift */; };
		F0EAEAF420480E7E008839EA /* ViewController.swift in Sources */ = {isa = PBXBuildFile; fileRef = F0EAEAF320480E7E008839EA /* ViewController.swift */; };
		F0EAEAF720480E7E008839EA /* Main.storyboard in Resources */ = {isa = PBXBuildFile; fileRef = F0EAEAF520480E7E008839EA /* Main.storyboard */; };
		F0EAEAF920480E7E008839EA /* Assets.xcassets in Resources */ = {isa = PBXBuildFile; fileRef = F0EAEAF820480E7E008839EA /* Assets.xcassets */; };
		F0EAEAFC20480E7E008839EA /* LaunchScreen.storyboard in Resources */ = {isa = PBXBuildFile; fileRef = F0EAEAFA20480E7E008839EA /* LaunchScreen.storyboard */; };
		F0EAEB0720480E7E008839EA /* ToDoListTests.swift in Sources */ = {isa = PBXBuildFile; fileRef = F0EAEB0620480E7E008839EA /* ToDoListTests.swift */; };
		F0EAEB1220480E7E008839EA /* ToDoListUITests.swift in Sources */ = {isa = PBXBuildFile; fileRef = F0EAEB1120480E7E008839EA /* ToDoListUITests.swift */; };
/* End PBXBuildFile section */

/* Begin PBXContainerItemProxy section */
		F0EAEB0320480E7E008839EA /* PBXContainerItemProxy */ = {
			isa = PBXContainerItemProxy;
			containerPortal = F0EAEAE620480E7E008839EA /* Project object */;
			proxyType = 1;
			remoteGlobalIDString = F0EAEAED20480E7E008839EA;
			remoteInfo = ToDoList;
		};
		F0EAEB0E20480E7E008839EA /* PBXContainerItemProxy */ = {
			isa = PBXContainerItemProxy;
			containerPortal = F0EAEAE620480E7E008839EA /* Project object */;
			proxyType = 1;
			remoteGlobalIDString = F0EAEAED20480E7E008839EA;
			remoteInfo = ToDoList;
		};
/* End PBXContainerItemProxy section */

/* Begin PBXFileReference section */
		F0EAEAEE20480E7E008839EA /* ToDoList.app */ = {isa = PBXFileReference; explicitFileType = wrapper.application; includeInIndex = 0; path = ToDoList.app; sourceTree = BUILT_PRODUCTS_DIR; };
		F0EAEAF120480E7E008839EA /* AppDelegate.swift */ = {isa = PBXFileReference; lastKnownFileType = sourcecode.swift; path = AppDelegate.swift; sourceTree = "<group>"; };
		F0EAEAF320480E7E008839EA /* ViewController.swift */ = {isa = PBXFileReference; lastKnownFileType = sourcecode.swift; path = ViewController.swift; sourceTree = "<group>"; };
		F0EAEAF620480E7E008839EA /* Base */ = {isa = PBXFileReference; lastKnownFileType = file.storyboard; name = Base; path = Base.lproj/Main.storyboard; sourceTree = "<group>"; };
		F0EAEAF820480E7E008839EA /* Assets.xcassets */ = {isa = PBXFileReference; lastKnownFileType = folder.assetcatalog; path = Assets.xcassets; sourceTree = "<group>"; };
		F0EAEAFB20480E7E008839EA /* Base */ = {isa = PBXFileReference; lastKnownFileType = file.storyboard; name = Base; path = Base.lproj/LaunchScreen.storyboard; sourceTree = "<group>"; };
		F0EAEAFD20480E7E008839EA /* Info.plist */ = {isa = PBXFileReference; lastKnownFileType = text.plist.xml; path = Info.plist; sourceTree = "<group>"; };
		F0EAEB0220480E7E008839EA /* ToDoListTests.xctest */ = {isa = PBXFileReference; explicitFileType = wrapper.cfbundle; includeInIndex = 0; path = ToDoListTests.xctest; sourceTree = BUILT_PRODUCTS_DIR; };
		F0EAEB0620480E7E008839EA /* ToDoListTests.swift */ = {isa = PBXFileReference; lastKnownFileType = sourcecode.swift; path = ToDoListTests.swift; sourceTree = "<group>"; };
		F0EAEB0820480E7E008839EA /* Info.plist */ = {isa = PBXFileReference; lastKnownFileType = text.plist.xml; path = Info.plist; sourceTree = "<group>"; };
		F0EAEB0D20480E7E008839EA /* ToDoListUITests.xctest */ = {isa = PBXFileReference; explicitFileType = wrapper.cfbundle; includeInIndex = 0; path = ToDoListUITests.xctest; sourceTree = BUILT_PRODUCTS_DIR; };
		F0EAEB1120480E7E008839EA /* ToDoListUITests.swift */ = {isa = PBXFileReference; lastKnownFileType = sourcecode.swift; path = ToDoListUITests.swift; sourceTree = "<group>"; };
		F0EAEB1320480E7E008839EA /* Info.plist */ = {isa = PBXFileReference; lastKnownFileType = text.plist.xml; path = Info.plist; sourceTree = "<group>"; };
/* End PBXFileReference section */

/* Begin PBXFrameworksBuildPhase section */
		F0EAEAEB20480E7E008839EA /* Frameworks */ = {
			isa = PBXFrameworksBuildPhase;
			buildActionMask = 2147483647;
			files = (
			);
			runOnlyForDeploymentPostprocessing = 0;
		};
		F0EAEAFF20480E7E008839EA /* Frameworks */ = {
			isa = PBXFrameworksBuildPhase;
			buildActionMask = 2147483647;
			files = (
			);
			runOnlyForDeploymentPostprocessing = 0;
		};
		F0EAEB0A20480E7E008839EA /* Frameworks */ = {
			isa = PBXFrameworksBuildPhase;
			buildActionMask = 2147483647;
			files = (
			);
			runOnlyForDeploymentPostprocessing = 0;
		};
/* End PBXFrameworksBuildPhase section */

/* Begin PBXGroup section */
		F0EAEAE520480E7E008839EA = {
			isa = PBXGroup;
			children = (
				F0EAEAF020480E7E008839EA /* ToDoList */,
				F0EAEB0520480E7E008839EA /* ToDoListTests */,
				F0EAEB1020480E7E008839EA /* ToDoListUITests */,
				F0EAEAEF20480E7E008839EA /* Products */,
			);
			sourceTree = "<group>";
		};
		F0EAEAEF20480E7E008839EA /* Products */ = {
			isa = PBXGroup;
			children = (
				F0EAEAEE20480E7E008839EA /* ToDoList.app */,
				F0EAEB0220480E7E008839EA /* ToDoListTests.xctest */,
				F0EAEB0D20480E7E008839EA /* ToDoListUITests.xctest */,
			);
			name = Products;
			sourceTree = "<group>";
		};
		F0EAEAF020480E7E008839EA /* ToDoList */ = {
			isa = PBXGroup;
			children = (
				F0EAEAF120480E7E008839EA /* AppDelegate.swift */,
				F0EAEAF320480E7E008839EA /* ViewController.swift */,
				F0EAEAF520480E7E008839EA /* Main.storyboard */,
				F0EAEAF820480E7E008839EA /* Assets.xcassets */,
				F0EAEAFA20480E7E008839EA /* LaunchScreen.storyboard */,
				F0EAEAFD20480E7E008839EA /* Info.plist */,
			);
			path = ToDoList;
			sourceTree = "<group>";
		};
		F0EAEB0520480E7E008839EA /* ToDoListTests */ = {
			isa = PBXGroup;
			children = (
				F0EAEB0620480E7E008839EA /* ToDoListTests.swift */,
				F0EAEB0820480E7E008839EA /* Info.plist */,
			);
			path = ToDoListTests;
			sourceTree = "<group>";
		};
		F0EAEB1020480E7E008839EA /* ToDoListUITests */ = {
			isa = PBXGroup;
			children = (
				F0EAEB1120480E7E008839EA /* ToDoListUITests.swift */,
				F0EAEB1320480E7E008839EA /* Info.plist */,
			);
			path = ToDoListUITests;
			sourceTree = "<group>";
		};
/* End PBXGroup section */

/* Begin PBXNativeTarget section */
		F0EAEAED20480E7E008839EA /* ToDoList */ = {
			isa = PBXNativeTarget;
			buildConfigurationList = F0EAEB1620480E7E008839EA /* Build configuration list for PBXNativeTarget "ToDoList" */;
			buildPhases = (
				F0EAEAEA20480E7E008839EA /* Sources */,
				F0EAEAEB20480E7E008839EA /* Frameworks */,
				F0EAEAEC20480E7E008839EA /* Resources */,
			);
			buildRules = (
			);
			dependencies = (
			);
			name = ToDoList;
			productName = ToDoList;
			productReference = F0EAEAEE20480E7E008839EA /* ToDoList.app */;
			productType = "com.apple.product-type.application";
		};
		F0EAEB0120480E7E008839EA /* ToDoListTests */ = {
			isa = PBXNativeTarget;
			buildConfigurationList = F0EAEB1920480E7E008839EA /* Build configuration list for PBXNativeTarget "ToDoListTests" */;
			buildPhases = (
				F0EAEAFE20480E7E008839EA /* Sources */,
				F0EAEAFF20480E7E008839EA /* Frameworks */,
				F0EAEB0020480E7E008839EA /* Resources */,
			);
			buildRules = (
			);
			dependencies = (
				F0EAEB0420480E7E008839EA /* PBXTargetDependency */,
			);
			name = ToDoListTests;
			productName = ToDoListTests;
			productReference = F0EAEB0220480E7E008839EA /* ToDoListTests.xctest */;
			productType = "com.apple.product-type.bundle.unit-test";
		};
		F0EAEB0C20480E7E008839EA /* ToDoListUITests */ = {
			isa = PBXNativeTarget;
			buildConfigurationList = F0EAEB1C20480E7E008839EA /* Build configuration list for PBXNativeTarget "ToDoListUITests" */;
			buildPhases = (
				F0EAEB0920480E7E008839EA /* Sources */,
				F0EAEB0A20480E7E008839EA /* Frameworks */,
				F0EAEB0B20480E7E008839EA /* Resources */,
			);
			buildRules = (
			);
			dependencies = (
				F0EAEB0F20480E7E008839EA /* PBXTargetDependency */,
			);
			name = ToDoListUITests;
			productName = ToDoListUITests;
			productReference = F0EAEB0D20480E7E008839EA /* ToDoListUITests.xctest */;
			productType = "com.apple.product-type.bundle.ui-testing";
		};
/* End PBXNativeTarget section */

/* Begin PBXProject section */
		F0EAEAE620480E7E008839EA /* Project object */ = {
			isa = PBXProject;
			attributes = {
				LastSwiftUpdateCheck = 0920;
				LastUpgradeCheck = 0920;
				ORGANIZATIONNAME = "John Appleseed";
				TargetAttributes = {
					F0EAEAED20480E7E008839EA = {
						CreatedOnToolsVersion = 9.2;
						ProvisioningStyle = Automatic;
					};
					F0EAEB0120480E7E008839EA = {
						CreatedOnToolsVersion = 9.2;
						ProvisioningStyle = Automatic;
						TestTargetID = F0EAEAED20480E7E008839EA;
					};
					F0EAEB0C20480E7E008839EA = {
						CreatedOnToolsVersion = 9.2;
						ProvisioningStyle = Automatic;
						TestTargetID = F0EAEAED20480E7E008839EA;
					};
				};
			};
			buildConfigurationList = F0EAEAE920480E7E008839EA /* Build configuration list for PBXProject "ToDoList" */;
			compatibilityVersion = "Xcode 8.0";
			developmentRegion = en;
			hasScannedForEncodings = 0;
			knownRegions = (
				en,
				Base,
			);
			mainGroup = F0EAEAE520480E7E008839EA;
			productRefGroup = F0EAEAEF20480E7E008839EA /* Products */;
			projectDirPath = "";
			projectRoot = "";
			targets = (
				F0EAEAED20480E7E008839EA /* ToDoList */,
				F0EAEB0120480E7E008839EA /* ToDoListTests */,
				F0EAEB0C20480E7E008839EA /* ToDoListUITests */,
			);
		};
/* End PBXProject section */

/* Begin PBXResourcesBuildPhase section */
		F0EAEAEC20480E7E008839EA /* Resources */ = {
			isa = PBXResourcesBuildPhase;
			buildActionMask = 2147483647;
			files = (
				F0EAEAFC20480E7E008839EA /* LaunchScreen.storyboard in Resources */,
				F0EAEAF920480E7E008839EA /* Assets.xcassets in Resources */,
				F0EAEAF720480E7E008839EA /* Main.storyboard in Resources */,
			);
			runOnlyForDeploymentPostprocessing = 0;
		};
		F0EAEB0020480E7E008839EA /* Resources */ = {
			isa = PBXResourcesBuildPhase;
			buildActionMask = 2147483647;
			files = (
			);
			runOnlyForDeploymentPostprocessing = 0;
		};
		F0EAEB0B20480E7E008839EA /* Resources */ = {
			isa = PBXResourcesBuildPhase;
			buildActionMask = 2147483647;
			files = (
			);
			runOnlyForDeploymentPostprocessing = 0;
		};
/* End PBXResourcesBuildPhase section */

/* Begin PBXSourcesBuildPhase section */
		F0EAEAEA20480E7E008839EA /* Sources */ = {
			isa = PBXSourcesBuildPhase;
			buildActionMask = 2147483647;
			files = (
				F0EAEAF420480E7E008839EA /* ViewController.swift in Sources */,
				F0EAEAF220480E7E008839EA /* AppDelegate.swift in Sources */,
			);
			runOnlyForDeploymentPostprocessing = 0;
		};
		F0EAEAFE20480E7E008839EA /* Sources */ = {
			isa = PBXSourcesBuildPhase;
			buildActionMask = 2147483647;
			files = (
				F0EAEB0720480E7E008839EA /* ToDoListTests.swift in Sources */,
			);
			runOnlyForDeploymentPostprocessing = 0;
		};
		F0EAEB0920480E7E008839EA /* Sources */ = {
			isa = PBXSourcesBuildPhase;
			buildActionMask = 2147483647;
			files = (
				F0EAEB1220480E7E008839EA /* ToDoListUITests.swift in Sources */,
			);
			runOnlyForDeploymentPostprocessing = 0;
		};
/* End PBXSourcesBuildPhase section */

/* Begin PBXTargetDependency section */
		F0EAEB0420480E7E008839EA /* PBXTargetDependency */ = {
			isa = PBXTargetDependency;
			target = F0EAEAED20480E7E008839EA /* ToDoList */;
			targetProxy = F0EAEB0320480E7E008839EA /* PBXContainerItemProxy */;
		};
		F0EAEB0F20480E7E008839EA /* PBXTargetDependency */ = {
			isa = PBXTargetDependency;
			target = F0EAEAED20480E7E008839EA /* ToDoList */;
			targetProxy = F0EAEB0E20480E7E008839EA /* PBXContainerItemProxy */;
		};
/* End PBXTargetDependency section */

/* Begin PBXVariantGroup section */
		F0EAEAF520480E7E008839EA /* Main.storyboard */ = {
			isa = PBXVariantGroup;
			children = (
				F0EAEAF620480E7E008839EA /* Base */,
			);
			name = Main.storyboard;
			sourceTree = "<group>";
		};
		F0EAEAFA20480E7E008839EA /* LaunchScreen.storyboard */ = {
			isa = PBXVariantGroup;
			children = (
				F0EAEAFB20480E7E008839EA /* Base */,
			);
			name = LaunchScreen.storyboard;
			sourceTree = "<group>";
		};
/* End PBXVariantGroup section */

/* Begin XCBuildConfiguration section */
		F0EAEB1420480E7E008839EA /* Debug */ = {
			isa = XCBuildConfiguration;
			buildSettings = {
				ALWAYS_SEARCH_USER_PATHS = NO;
				CLANG_ANALYZER_NONNULL = YES;
				CLANG_ANALYZER_NUMBER_OBJECT_CONVERSION = YES_AGGRESSIVE;
				CLANG_CXX_LANGUAGE_STANDARD = "gnu++14";
				CLANG_CXX_LIBRARY = "libc++";
				CLANG_ENABLE_MODULES = YES;
				CLANG_ENABLE_OBJC_ARC = YES;
				CLANG_WARN_BLOCK_CAPTURE_AUTORELEASING = YES;
				CLANG_WARN_BOOL_CONVERSION = YES;
				CLANG_WARN_COMMA = YES;
				CLANG_WARN_CONSTANT_CONVERSION = YES;
				CLANG_WARN_DIRECT_OBJC_ISA_USAGE = YES_ERROR;
				CLANG_WARN_DOCUMENTATION_COMMENTS = YES;
				CLANG_WARN_EMPTY_BODY = YES;
				CLANG_WARN_ENUM_CONVERSION = YES;
				CLANG_WARN_INFINITE_RECURSION = YES;
				CLANG_WARN_INT_CONVERSION = YES;
				CLANG_WARN_NON_LITERAL_NULL_CONVERSION = YES;
				CLANG_WARN_OBJC_LITERAL_CONVERSION = YES;
				CLANG_WARN_OBJC_ROOT_CLASS = YES_ERROR;
				CLANG_WARN_RANGE_LOOP_ANALYSIS = YES;
				CLANG_WARN_STRICT_PROTOTYPES = YES;
				CLANG_WARN_SUSPICIOUS_MOVE = YES;
				CLANG_WARN_UNGUARDED_AVAILABILITY = YES_AGGRESSIVE;
				CLANG_WARN_UNREACHABLE_CODE = YES;
				CLANG_WARN__DUPLICATE_METHOD_MATCH = YES;
				CODE_SIGN_IDENTITY = "iPhone Developer";
				COPY_PHASE_STRIP = NO;
				DEBUG_INFORMATION_FORMAT = dwarf;
				ENABLE_STRICT_OBJC_MSGSEND = YES;
				ENABLE_TESTABILITY = YES;
				GCC_C_LANGUAGE_STANDARD = gnu11;
				GCC_DYNAMIC_NO_PIC = NO;
				GCC_NO_COMMON_BLOCKS = YES;
				GCC_OPTIMIZATION_LEVEL = 0;
				GCC_PREPROCESSOR_DEFINITIONS = (
					"DEBUG=1",
					"$(inherited)",
				);
				GCC_WARN_64_TO_32_BIT_CONVERSION = YES;
				GCC_WARN_ABOUT_RETURN_TYPE = YES_ERROR;
				GCC_WARN_UNDECLARED_SELECTOR = YES;
				GCC_WARN_UNINITIALIZED_AUTOS = YES_AGGRESSIVE;
				GCC_WARN_UNUSED_FUNCTION = YES;
				GCC_WARN_UNUSED_VARIABLE = YES;
				IPHONEOS_DEPLOYMENT_TARGET = 11.2;
				MTL_ENABLE_DEBUG_INFO = YES;
				ONLY_ACTIVE_ARCH = YES;
				SDKROOT = iphoneos;
				SWIFT_ACTIVE_COMPILATION_CONDITIONS = DEBUG;
				SWIFT_OPTIMIZATION_LEVEL = "-Onone";
			};
			name = Debug;
		};
		F0EAEB1520480E7E008839EA /* Release */ = {
			isa = XCBuildConfiguration;
			buildSettings = {
				ALWAYS_SEARCH_USER_PATHS = NO;
				CLANG_ANALYZER_NONNULL = YES;
				CLANG_ANALYZER_NUMBER_OBJECT_CONVERSION = YES_AGGRESSIVE;
				CLANG_CXX_LANGUAGE_STANDARD = "gnu++14";
				CLANG_CXX_LIBRARY = "libc++";
				CLANG_ENABLE_MODULES = YES;
				CLANG_ENABLE_OBJC_ARC = YES;
				CLANG_WARN_BLOCK_CAPTURE_AUTORELEASING = YES;
				CLANG_WARN_BOOL_CONVERSION = YES;
				CLANG_WARN_COMMA = YES;
				CLANG_WARN_CONSTANT_CONVERSION = YES;
				CLANG_WARN_DIRECT_OBJC_ISA_USAGE = YES_ERROR;
				CLANG_WARN_DOCUMENTATION_COMMENTS = YES;
				CLANG_WARN_EMPTY_BODY = YES;
				CLANG_WARN_ENUM_CONVERSION = YES;
				CLANG_WARN_INFINITE_RECURSION = YES;
				CLANG_WARN_INT_CONVERSION = YES;
				CLANG_WARN_NON_LITERAL_NULL_CONVERSION = YES;
				CLANG_WARN_OBJC_LITERAL_CONVERSION = YES;
				CLANG_WARN_OBJC_ROOT_CLASS = YES_ERROR;
				CLANG_WARN_RANGE_LOOP_ANALYSIS = YES;
				CLANG_WARN_STRICT_PROTOTYPES = YES;
				CLANG_WARN_SUSPICIOUS_MOVE = YES;
				CLANG_WARN_UNGUARDED_AVAILABILITY = YES_AGGRESSIVE;
				CLANG_WARN_UNREACHABLE_CODE = YES;
				CLANG_WARN__DUPLICATE_METHOD_MATCH = YES;
				CODE_SIGN_IDENTITY = "iPhone Developer";
				COPY_PHASE_STRIP = NO;
				DEBUG_INFORMATION_FORMAT = "dwarf-with-dsym";
				ENABLE_NS_ASSERTIONS = NO;
				ENABLE_STRICT_OBJC_MSGSEND = YES;
				GCC_C_LANGUAGE_STANDARD = gnu11;
				GCC_NO_COMMON_BLOCKS = YES;
				GCC_WARN_64_TO_32_BIT_CONVERSION = YES;
				GCC_WARN_ABOUT_RETURN_TYPE = YES_ERROR;
				GCC_WARN_UNDECLARED_SELECTOR = YES;
				GCC_WARN_UNINITIALIZED_AUTOS = YES_AGGRESSIVE;
				GCC_WARN_UNUSED_FUNCTION = YES;
				GCC_WARN_UNUSED_VARIABLE = YES;
				IPHONEOS_DEPLOYMENT_TARGET = 11.2;
				MTL_ENABLE_DEBUG_INFO = NO;
				SDKROOT = iphoneos;
				SWIFT_OPTIMIZATION_LEVEL = "-Owholemodule";
				VALIDATE_PRODUCT = YES;
			};
			name = Release;
		};
		F0EAEB1720480E7E008839EA /* Debug */ = {
			isa = XCBuildConfiguration;
			buildSettings = {
				ASSETCATALOG_COMPILER_APPICON_NAME = AppIcon;
				CODE_SIGN_STYLE = Automatic;
				INFOPLIST_FILE = ToDoList/Info.plist;
				LD_RUNPATH_SEARCH_PATHS = "$(inherited) @executable_path/Frameworks";
				PRODUCT_BUNDLE_IDENTIFIER = com.example.ToDoList;
				PRODUCT_NAME = "$(TARGET_NAME)";
				SWIFT_VERSION = 4.0;
				TARGETED_DEVICE_FAMILY = "1,2";
			};
			name = Debug;
		};
		F0EAEB1820480E7E008839EA /* Release */ = {
			isa = XCBuildConfiguration;
			buildSettings = {
				ASSETCATALOG_COMPILER_APPICON_NAME = AppIcon;
				CODE_SIGN_STYLE = Automatic;
				INFOPLIST_FILE = ToDoList/Info.plist;
				LD_RUNPATH_SEARCH_PATHS = "$(inherited) @executable_path/Frameworks";
				PRODUCT_BUNDLE_IDENTIFIER = com.example.ToDoList;
				PRODUCT_NAME = "$(TARGET_NAME)";
				SWIFT_VERSION = 4.0;
				TARGETED_DEVICE_FAMILY = "1,2";
			};
			name = Release;
		};
		F0EAEB1A20480E7E008839EA /* Debug */ = {
			isa = XCBuildConfiguration;
			buildSettings = {
				ALWAYS_EMBED_SWIFT_STANDARD_LIBRARIES = YES;
				BUNDLE_LOADER = "$(TEST_HOST)";
				CODE_SIGN_STYLE = Automatic;
				INFOPLIST_FILE = ToDoListTests/Info.plist;
				LD_RUNPATH_SEARCH_PATHS = "$(inherited) @executable_path/Frameworks @loader_path/Frameworks";
				PRODUCT_BUNDLE_IDENTIFIER = com.example.ToDoListTests;
				PRODUCT_NAME = "$(TARGET_NAME)";
				SWIFT_VERSION = 4.0;
				TARGETED_DEVICE_FAMILY = "1,2";
				TEST_HOST = "$(BUILT_PRODUCTS_DIR)/ToDoList.app/ToDoList";
			};
			name = Debug;
		};
		F0EAEB1B20480E7E008839EA /* Release */ = {
			isa = XCBuildConfiguration;
			buildSettings = {
				ALWAYS_EMBED_SWIFT_STANDARD_LIBRARIES = YES;
				BUNDLE_LOADER = "$(TEST_HOST)";
				CODE_SIGN_STYLE = Automatic;
				INFOPLIST_FILE = ToDoListTests/Info.plist;
				LD_RUNPATH_SEARCH_PATHS = "$(inherited) @executable_path/Frameworks @loader_path/Frameworks";
				PRODUCT_BUNDLE_IDENTIFIER = com.example.ToDoListTests;
				PRODUCT_NAME = "$(TARGET_NAME)";
				SWIFT_VERSION = 4.0;
				TARGETED_DEVICE_FAMILY = "1,2";
				TEST_HOST = "$(BUILT_PRODUCTS_DIR)/ToDoList.app/ToDoList";
			};
			name = Release;
		};
		F0EAEB1D20480E7E008839EA /* Debug */ = {
			isa = XCBuildConfiguration;
			buildSettings = {
				ALWAYS_EMBED_SWIFT_STANDARD_LIBRARIES = YES;
				CODE_SIGN_STYLE = Automatic;
				INFOPLIST_FILE = ToDoListUITests/Info.plist;
				LD_RUNPATH_SEARCH_PATHS = "$(inherited) @executable_path/Frameworks @loader_path/Frameworks";
				PRODUCT_BUNDLE_IDENTIFIER = com.example.ToDoListUITests;
				PRODUCT_NAME = "$(TARGET_NAME)";
				SWIFT_VERSION = 4.0;
				TARGETED_DEVICE_FAMILY = "1,2";
				TEST_TARGET_NAME = ToDoList;
			};
			name = Debug;
		};
		F0EAEB1E20480E7E008839EA /* Release */ = {
			isa = XCBuildConfiguration;
			buildSettings = {
				ALWAYS_EMBED_SWIFT_STANDARD_LIBRARIES = YES;
				CODE_SIGN_STYLE = Automatic;
				INFOPLIST_FILE = ToDoListUITests/Info.plist;
				LD_RUNPATH_SEARCH_PATHS = "$(inherited) @executable_path/Frameworks @loader_path/Frameworks";
				PRODUCT_BUNDLE_IDENTIFIER = com.example.ToDoListUITests;
				PRODUCT_NAME = "$(TARGET_NAME)";
				SWIFT_VERSION = 4.0;
				TARGETED_DEVICE_FAMILY = "1,2";
				TEST_TARGET_NAME = ToDoList;
			};
			name = Release;
		};
/* End XCBuildConfiguration section */

/* Begin XCConfigurationList section */
		F0EAEAE920480E7E008839EA /* Build configuration list for PBXProject "ToDoList" */ = {
			isa = XCConfigurationList;
			buildConfigurations = (
				F0EAEB1420480E7E008839EA /* Debug */,
				F0EAEB1520480E7E008839EA /* Release */,
			);
			defaultConfigurationIsVisible = 0;
			defaultConfigurationName = Release;
		};
		F0EAEB1620480E7E008839EA /* Build configuration list for PBXNativeTarget "ToDoList" */ = {
			isa = XCConfigurationList;
			buildConfigurations = (
				F0EAEB1720480E7E008839EA /* Debug */,
				F0EAEB1820480E7E008839EA /* Release */,
			);
			defaultConfigurationIsVisible = 0;
			defaultConfigurationName = Release;
		};
		F0EAEB1920480E7E008839EA /* Build configuration list for PBXNativeTarget "ToDoListTests" */ = {
			isa = XCConfigurationList;
			buildConfigurations = (
				F0EAEB1A20480E7E008839EA /* Debug */,
				F0EAEB1B20480E7E008839EA /* Release */,
			);
			defaultConfigurationIsVisible = 0;
			defaultConfigurationName = Release;
		};
		F0EAEB1C20480E7E008839EA /* Build configuration list for PBXNativeTarget "ToDoListUITests" */ = {
			isa = XCConfigurationList;
			buildConfigurations = (
				F0EAEB1D20480E7E008839EA /* Debug */,
				F0EAEB1E20480E7E008839EA /* Release */,
			);
			defaultConfigurationIsVisible = 0;
			defaultConfigurationName = Release;
		};
/* End XCConfigurationList section */
	};
	rootObject = F0EAEAE620480E7E008839EA /* Project object */;
}
